
Microsoft Visual Studio Solution File, Format Version 12.00
# Visual Studio Version 17
VisualStudioVersion = 17.10.35027.167
MinimumVisualStudioVersion = 10.0.40219.1
Project("{FAE04EC0-301F-11D3-BF4B-00C04F79EFBC}") = "SharyFi.Cli", "SharyFi.Cli\SharyFi.Cli.csproj", "{AEA63853-0544-4BFB-89FC-A9646DA9CE12}"
EndProject
Project("{FAE04EC0-301F-11D3-BF4B-00C04F79EFBC}") = "SharyFi.Cli.Tests", "SharyFi.Cli.Tests\SharyFi.Cli.Tests.csproj", "{33F2E30C-78FC-4845-8DE9-CD9BFBE4809E}"
EndProject
Global
	GlobalSection(SolutionConfigurationPlatforms) = preSolution
		Debug|Any CPU = Debug|Any CPU
		Release|Any CPU = Release|Any CPU
	EndGlobalSection
	GlobalSection(ProjectConfigurationPlatforms) = postSolution
		{AEA63853-0544-4BFB-89FC-A9646DA9CE12}.Debug|Any CPU.ActiveCfg = Debug|Any CPU
		{AEA63853-0544-4BFB-89FC-A9646DA9CE12}.Debug|Any CPU.Build.0 = Debug|Any CPU
		{AEA63853-0544-4BFB-89FC-A9646DA9CE12}.Release|Any CPU.ActiveCfg = Release|Any CPU
		{AEA63853-0544-4BFB-89FC-A9646DA9CE12}.Release|Any CPU.Build.0 = Release|Any CPU
		{33F2E30C-78FC-4845-8DE9-CD9BFBE4809E}.Debug|Any CPU.ActiveCfg = Debug|Any CPU
		{33F2E30C-78FC-4845-8DE9-CD9BFBE4809E}.Debug|Any CPU.Build.0 = Debug|Any CPU
		{33F2E30C-78FC-4845-8DE9-CD9BFBE4809E}.Release|Any CPU.ActiveCfg = Release|Any CPU
		{33F2E30C-78FC-4845-8DE9-CD9BFBE4809E}.Release|Any CPU.Build.0 = Release|Any CPU
	EndGlobalSection
	GlobalSection(SolutionProperties) = preSolution
		HideSolutionNode = FALSE
	EndGlobalSection
	GlobalSection(ExtensibilityGlobals) = postSolution
		SolutionGuid = {8146349D-44AA-429F-BEAE-8A467F34516C}
	EndGlobalSection
EndGlobal
